{
  "name": "DivSeekCanadaTheme",
  "version": "0.0.1",
  "lockfileVersion": 1,
  "requires": true,
  "dependencies": {
    "bootstrap-3-card": {
      "version": "0.2.0",
      "resolved": "https://registry.npmjs.org/bootstrap-3-card/-/bootstrap-3-card-0.2.0.tgz",
      "integrity": "sha1-vgjpxvIxhHBuAUgQeqQYX21hTgQ=",
      "dev": true,
      "requires": {
        "bootstrap-sass": "3.x"
      }
    },
    "bootstrap-sass": {
      "version": "3.4.1",
      "resolved": "https://registry.npmjs.org/bootstrap-sass/-/bootstrap-sass-3.4.1.tgz",
      "integrity": "sha512-p5rxsK/IyEDQm2CwiHxxUi0MZZtvVFbhWmyMOt4lLkA4bujDA1TGoKT0i1FKIWiugAdP+kK8T5KMDFIKQCLYIA==",
      "dev": true
    },
    "lodash": {
      "version": "4.17.11",
      "resolved": "https://registry.npmjs.org/lodash/-/lodash-4.17.11.tgz",
      "integrity": "sha512-cQKh8igo5QUhZ7lg38DYWAxMvjSAKG0A8wGSVimP07SIUEK2UO+arSRKbRZWtelMtN5V0Hkwh5ryOto/SshYIg==",
      "dev": true
    }
  }
}
